// !$*UTF8*$!
{
	archiveVersion = 1;
	classes = {
	};
	objectVersion = 55;
	objects = {

/* Begin PBXBuildFile section */
		163C5B2729C0E09B00A38F3E /* CustomImageView.swift in Sources */ = {isa = PBXBuildFile; fileRef = 163C5B2629C0E09B00A38F3E /* CustomImageView.swift */; };
		167C8BA929C6EB6700727889 /* AnimalDetailView.swift in Sources */ = {isa = PBXBuildFile; fileRef = 167C8BA829C6EB6700727889 /* AnimalDetailView.swift */; };
		16AA0B7A29C1D3B0002FB416 /* TabBarViewController.swift in Sources */ = {isa = PBXBuildFile; fileRef = 16AA0B7929C1D3AF002FB416 /* TabBarViewController.swift */; };
		16C2457429C02D1000A937C7 /* AppDelegate.swift in Sources */ = {isa = PBXBuildFile; fileRef = 16C2457329C02D1000A937C7 /* AppDelegate.swift */; };
		16C2457629C02D1000A937C7 /* SceneDelegate.swift in Sources */ = {isa = PBXBuildFile; fileRef = 16C2457529C02D1000A937C7 /* SceneDelegate.swift */; };
		16C2457829C02D1000A937C7 /* ViewController.swift in Sources */ = {isa = PBXBuildFile; fileRef = 16C2457729C02D1000A937C7 /* ViewController.swift */; };
		16C2457D29C02D1300A937C7 /* Assets.xcassets in Resources */ = {isa = PBXBuildFile; fileRef = 16C2457C29C02D1300A937C7 /* Assets.xcassets */; };
		16C2458029C02D1300A937C7 /* LaunchScreen.storyboard in Resources */ = {isa = PBXBuildFile; fileRef = 16C2457E29C02D1300A937C7 /* LaunchScreen.storyboard */; };
		16C2458F29C02FDA00A937C7 /* ViewModel.swift in Sources */ = {isa = PBXBuildFile; fileRef = 16C2458E29C02FDA00A937C7 /* ViewModel.swift */; };
		16C2459129C02FE300A937C7 /* Model.swift in Sources */ = {isa = PBXBuildFile; fileRef = 16C2459029C02FE300A937C7 /* Model.swift */; };
		16C2459329C02FF200A937C7 /* AnimalTableViewCell.swift in Sources */ = {isa = PBXBuildFile; fileRef = 16C2459229C02FF200A937C7 /* AnimalTableViewCell.swift */; };
		16C2459529C0387B00A937C7 /* UIViewController+preview.swift in Sources */ = {isa = PBXBuildFile; fileRef = 16C2459429C0387B00A937C7 /* UIViewController+preview.swift */; };
		16E4331029C2BBAB004437D3 /* CustomHeaderView.swift in Sources */ = {isa = PBXBuildFile; fileRef = 16E4330F29C2BBAB004437D3 /* CustomHeaderView.swift */; };
		5A3628CA29EF9D4D00D4CAB6 /* MyInfoSettingView.swift in Sources */ = {isa = PBXBuildFile; fileRef = 5A3628C929EF9D4D00D4CAB6 /* MyInfoSettingView.swift */; };
		5A3628CC29EF9D6D00D4CAB6 /* MyInfoSettingView.xib in Resources */ = {isa = PBXBuildFile; fileRef = 5A3628CB29EF9D6D00D4CAB6 /* MyInfoSettingView.xib */; };
		5A68C5FB29E7D36500B7985D /* UIView+nib.swift in Sources */ = {isa = PBXBuildFile; fileRef = 5A68C5FA29E7D36500B7985D /* UIView+nib.swift */; };
		5A68C5FD29E7D3D500B7985D /* FishViewHeader.swift in Sources */ = {isa = PBXBuildFile; fileRef = 5A68C5FC29E7D3D500B7985D /* FishViewHeader.swift */; };
		5A68C5FF29E7D3E300B7985D /* FishViewCell.swift in Sources */ = {isa = PBXBuildFile; fileRef = 5A68C5FE29E7D3E300B7985D /* FishViewCell.swift */; };
		5A68C60129E7D3EF00B7985D /* FishViewHeader.xib in Resources */ = {isa = PBXBuildFile; fileRef = 5A68C60029E7D3EF00B7985D /* FishViewHeader.xib */; };
		5A68C60329E7D3F900B7985D /* FishViewCell.xib in Resources */ = {isa = PBXBuildFile; fileRef = 5A68C60229E7D3F900B7985D /* FishViewCell.xib */; };
		5A68C60529E7DE0900B7985D /* FishViewController.swift in Sources */ = {isa = PBXBuildFile; fileRef = 5A68C60429E7DE0900B7985D /* FishViewController.swift */; };
		5A68C60829E7DED300B7985D /* UITableViewCell+util.swift in Sources */ = {isa = PBXBuildFile; fileRef = 5A68C60729E7DED300B7985D /* UITableViewCell+util.swift */; };
		5A68C60A29E7DEFC00B7985D /* UITableViewHeaderFooterView+util.swift in Sources */ = {isa = PBXBuildFile; fileRef = 5A68C60929E7DEFC00B7985D /* UITableViewHeaderFooterView+util.swift */; };
		5A68C60E29E7EDCB00B7985D /* NewFishView.xib in Resources */ = {isa = PBXBuildFile; fileRef = 5A68C60D29E7EDCB00B7985D /* NewFishView.xib */; };
		5A68C61029E7EDD500B7985D /* NewFishView.swift in Sources */ = {isa = PBXBuildFile; fileRef = 5A68C60F29E7EDD500B7985D /* NewFishView.swift */; };
		5A6EEDC829EE8EB700D79822 /* BugCell.swift in Sources */ = {isa = PBXBuildFile; fileRef = 5A6EEDC729EE8EB700D79822 /* BugCell.swift */; };
		5A6EEDCA29EE8EC200D79822 /* BugCell.xib in Resources */ = {isa = PBXBuildFile; fileRef = 5A6EEDC929EE8EC200D79822 /* BugCell.xib */; };
		5A6EEDCC29EE90BE00D79822 /* BugViewController.swift in Sources */ = {isa = PBXBuildFile; fileRef = 5A6EEDCB29EE90BE00D79822 /* BugViewController.swift */; };
		5A6EEDD229EE921800D79822 /* UICollectionViewCell+util.swift in Sources */ = {isa = PBXBuildFile; fileRef = 5A6EEDD129EE921800D79822 /* UICollectionViewCell+util.swift */; };
		5A6EEDD429EE94F500D79822 /* NewBugView.swift in Sources */ = {isa = PBXBuildFile; fileRef = 5A6EEDD329EE94F500D79822 /* NewBugView.swift */; };
		5A6EEDD629EE94FE00D79822 /* NewBugView.xib in Resources */ = {isa = PBXBuildFile; fileRef = 5A6EEDD529EE94FE00D79822 /* NewBugView.xib */; };
		5A6EEDD829EE98E400D79822 /* BugViewModel.swift in Sources */ = {isa = PBXBuildFile; fileRef = 5A6EEDD729EE98E400D79822 /* BugViewModel.swift */; };
		5A7B60102A122477003D4376 /* UIBarButtonItem+util.swift in Sources */ = {isa = PBXBuildFile; fileRef = 5A7B600F2A122477003D4376 /* UIBarButtonItem+util.swift */; };
		5A854EA929FA136300282A08 /* AppCoordinator.swift in Sources */ = {isa = PBXBuildFile; fileRef = 5A854EA829FA136300282A08 /* AppCoordinator.swift */; };
		5A854EAB29FA13FF00282A08 /* CitizenCoordinator.swift in Sources */ = {isa = PBXBuildFile; fileRef = 5A854EAA29FA13FF00282A08 /* CitizenCoordinator.swift */; };
		5A854EAD29FA5B3200282A08 /* BugCoordinator.swift in Sources */ = {isa = PBXBuildFile; fileRef = 5A854EAC29FA5B3200282A08 /* BugCoordinator.swift */; };
		5A8A0AB829F269F7005C831F /* CitizenTableViewCell.swift in Sources */ = {isa = PBXBuildFile; fileRef = 5A8A0AB729F269F7005C831F /* CitizenTableViewCell.swift */; };
		5A8A0ABA29F26A27005C831F /* CitizenTableViewCell.xib in Resources */ = {isa = PBXBuildFile; fileRef = 5A8A0AB929F26A27005C831F /* CitizenTableViewCell.xib */; };
		5A8A0AC029F26C0A005C831F /* CitizenViewController.swift in Sources */ = {isa = PBXBuildFile; fileRef = 5A8A0ABF29F26C0A005C831F /* CitizenViewController.swift */; };
		5A8A0AC629F27061005C831F /* NewCitizenView.xib in Resources */ = {isa = PBXBuildFile; fileRef = 5A8A0AC529F27061005C831F /* NewCitizenView.xib */; };
		5A8A0AC829F27069005C831F /* NewCitizenView.swift in Sources */ = {isa = PBXBuildFile; fileRef = 5A8A0AC729F27069005C831F /* NewCitizenView.swift */; };
		5A9398162A08D766008CDDC5 /* CoreDataManager.swift in Sources */ = {isa = PBXBuildFile; fileRef = 5A9398152A08D766008CDDC5 /* CoreDataManager.swift */; };
		5A9B0C9129EFA03500737AED /* MyInfoSettingViewCell.swift in Sources */ = {isa = PBXBuildFile; fileRef = 5A9B0C9029EFA03500737AED /* MyInfoSettingViewCell.swift */; };
		5A9B0C9329EFA04200737AED /* MyInfoSettingViewCell.xib in Resources */ = {isa = PBXBuildFile; fileRef = 5A9B0C9229EFA04200737AED /* MyInfoSettingViewCell.xib */; };
		5A9B0C9529EFA2A900737AED /* MyInfoViewController.swift in Sources */ = {isa = PBXBuildFile; fileRef = 5A9B0C9429EFA2A900737AED /* MyInfoViewController.swift */; };
		5A9B0C9729EFCFDD00737AED /* AddressConstants.swift in Sources */ = {isa = PBXBuildFile; fileRef = 5A9B0C9629EFCFDD00737AED /* AddressConstants.swift */; };
		5AB2E36629F2448900CA4DBF /* Bundle+util.swift in Sources */ = {isa = PBXBuildFile; fileRef = 5AB2E36529F2448900CA4DBF /* Bundle+util.swift */; };
		5AB2E36929F2453A00CA4DBF /* FishViewModel.swift in Sources */ = {isa = PBXBuildFile; fileRef = 5AB2E36829F2453A00CA4DBF /* FishViewModel.swift */; };
		5AC3BD442A0A388500095FA4 /* CitizenList.xcdatamodeld in Sources */ = {isa = PBXBuildFile; fileRef = 5AC3BD422A0A388500095FA4 /* CitizenList.xcdatamodeld */; };
		5AD2695B2A009D6F004DD22C /* String+Extension.swift in Sources */ = {isa = PBXBuildFile; fileRef = 5AD2695A2A009D6F004DD22C /* String+Extension.swift */; };
		5AD2695D2A00A2C9004DD22C /* FishCoordinator.swift in Sources */ = {isa = PBXBuildFile; fileRef = 5AD2695C2A00A2C9004DD22C /* FishCoordinator.swift */; };
		5AD269602A00A5BA004DD22C /* ImageCacheManager.swift in Sources */ = {isa = PBXBuildFile; fileRef = 5AD2695F2A00A5BA004DD22C /* ImageCacheManager.swift */; };
		5AD269622A00A7ED004DD22C /* UIImageView+Extension.swift in Sources */ = {isa = PBXBuildFile; fileRef = 5AD269612A00A7ED004DD22C /* UIImageView+Extension.swift */; };
		77B60FFDFCB396667A77DB79 /* Pods_AnimalCrossWiki.framework in Frameworks */ = {isa = PBXBuildFile; fileRef = 017EAFB4E9B574160095B6CF /* Pods_AnimalCrossWiki.framework */; };
/* End PBXBuildFile section */

/* Begin PBXFileReference section */
		017EAFB4E9B574160095B6CF /* Pods_AnimalCrossWiki.framework */ = {isa = PBXFileReference; explicitFileType = wrapper.framework; includeInIndex = 0; path = Pods_AnimalCrossWiki.framework; sourceTree = BUILT_PRODUCTS_DIR; };
		11BEA51F67F1C1E246AF6C90 /* Pods-AnimalCrossWiki.release.xcconfig */ = {isa = PBXFileReference; includeInIndex = 1; lastKnownFileType = text.xcconfig; name = "Pods-AnimalCrossWiki.release.xcconfig"; path = "Target Support Files/Pods-AnimalCrossWiki/Pods-AnimalCrossWiki.release.xcconfig"; sourceTree = "<group>"; };
		163C5B2629C0E09B00A38F3E /* CustomImageView.swift */ = {isa = PBXFileReference; lastKnownFileType = sourcecode.swift; path = CustomImageView.swift; sourceTree = "<group>"; };
		167C8BA829C6EB6700727889 /* AnimalDetailView.swift */ = {isa = PBXFileReference; lastKnownFileType = sourcecode.swift; path = AnimalDetailView.swift; sourceTree = "<group>"; };
		16AA0B7929C1D3AF002FB416 /* TabBarViewController.swift */ = {isa = PBXFileReference; lastKnownFileType = sourcecode.swift; path = TabBarViewController.swift; sourceTree = "<group>"; };
		16C2457029C02D1000A937C7 /* AnimalCrossWiki.app */ = {isa = PBXFileReference; explicitFileType = wrapper.application; includeInIndex = 0; path = AnimalCrossWiki.app; sourceTree = BUILT_PRODUCTS_DIR; };
		16C2457329C02D1000A937C7 /* AppDelegate.swift */ = {isa = PBXFileReference; lastKnownFileType = sourcecode.swift; path = AppDelegate.swift; sourceTree = "<group>"; };
		16C2457529C02D1000A937C7 /* SceneDelegate.swift */ = {isa = PBXFileReference; lastKnownFileType = sourcecode.swift; path = SceneDelegate.swift; sourceTree = "<group>"; };
		16C2457729C02D1000A937C7 /* ViewController.swift */ = {isa = PBXFileReference; lastKnownFileType = sourcecode.swift; path = ViewController.swift; sourceTree = "<group>"; };
		16C2457C29C02D1300A937C7 /* Assets.xcassets */ = {isa = PBXFileReference; lastKnownFileType = folder.assetcatalog; path = Assets.xcassets; sourceTree = "<group>"; };
		16C2457F29C02D1300A937C7 /* Base */ = {isa = PBXFileReference; lastKnownFileType = file.storyboard; name = Base; path = Base.lproj/LaunchScreen.storyboard; sourceTree = "<group>"; };
		16C2458129C02D1300A937C7 /* Info.plist */ = {isa = PBXFileReference; lastKnownFileType = text.plist.xml; path = Info.plist; sourceTree = "<group>"; };
		16C2458E29C02FDA00A937C7 /* ViewModel.swift */ = {isa = PBXFileReference; lastKnownFileType = sourcecode.swift; path = ViewModel.swift; sourceTree = "<group>"; };
		16C2459029C02FE300A937C7 /* Model.swift */ = {isa = PBXFileReference; lastKnownFileType = sourcecode.swift; path = Model.swift; sourceTree = "<group>"; };
		16C2459229C02FF200A937C7 /* AnimalTableViewCell.swift */ = {isa = PBXFileReference; lastKnownFileType = sourcecode.swift; path = AnimalTableViewCell.swift; sourceTree = "<group>"; };
		16C2459429C0387B00A937C7 /* UIViewController+preview.swift */ = {isa = PBXFileReference; lastKnownFileType = sourcecode.swift; path = "UIViewController+preview.swift"; sourceTree = "<group>"; };
		16E4330F29C2BBAB004437D3 /* CustomHeaderView.swift */ = {isa = PBXFileReference; lastKnownFileType = sourcecode.swift; path = CustomHeaderView.swift; sourceTree = "<group>"; };
		5A3628C929EF9D4D00D4CAB6 /* MyInfoSettingView.swift */ = {isa = PBXFileReference; lastKnownFileType = sourcecode.swift; path = MyInfoSettingView.swift; sourceTree = "<group>"; };
		5A3628CB29EF9D6D00D4CAB6 /* MyInfoSettingView.xib */ = {isa = PBXFileReference; lastKnownFileType = file.xib; path = MyInfoSettingView.xib; sourceTree = "<group>"; };
		5A68C5FA29E7D36500B7985D /* UIView+nib.swift */ = {isa = PBXFileReference; lastKnownFileType = sourcecode.swift; path = "UIView+nib.swift"; sourceTree = "<group>"; };
		5A68C5FC29E7D3D500B7985D /* FishViewHeader.swift */ = {isa = PBXFileReference; lastKnownFileType = sourcecode.swift; path = FishViewHeader.swift; sourceTree = "<group>"; };
		5A68C5FE29E7D3E300B7985D /* FishViewCell.swift */ = {isa = PBXFileReference; lastKnownFileType = sourcecode.swift; path = FishViewCell.swift; sourceTree = "<group>"; };
		5A68C60029E7D3EF00B7985D /* FishViewHeader.xib */ = {isa = PBXFileReference; lastKnownFileType = file.xib; path = FishViewHeader.xib; sourceTree = "<group>"; };
		5A68C60229E7D3F900B7985D /* FishViewCell.xib */ = {isa = PBXFileReference; lastKnownFileType = file.xib; path = FishViewCell.xib; sourceTree = "<group>"; };
		5A68C60429E7DE0900B7985D /* FishViewController.swift */ = {isa = PBXFileReference; lastKnownFileType = sourcecode.swift; path = FishViewController.swift; sourceTree = "<group>"; };
		5A68C60729E7DED300B7985D /* UITableViewCell+util.swift */ = {isa = PBXFileReference; lastKnownFileType = sourcecode.swift; path = "UITableViewCell+util.swift"; sourceTree = "<group>"; };
		5A68C60929E7DEFC00B7985D /* UITableViewHeaderFooterView+util.swift */ = {isa = PBXFileReference; lastKnownFileType = sourcecode.swift; path = "UITableViewHeaderFooterView+util.swift"; sourceTree = "<group>"; };
		5A68C60D29E7EDCB00B7985D /* NewFishView.xib */ = {isa = PBXFileReference; lastKnownFileType = file.xib; path = NewFishView.xib; sourceTree = "<group>"; };
		5A68C60F29E7EDD500B7985D /* NewFishView.swift */ = {isa = PBXFileReference; lastKnownFileType = sourcecode.swift; path = NewFishView.swift; sourceTree = "<group>"; };
		5A6EEDC729EE8EB700D79822 /* BugCell.swift */ = {isa = PBXFileReference; lastKnownFileType = sourcecode.swift; path = BugCell.swift; sourceTree = "<group>"; };
		5A6EEDC929EE8EC200D79822 /* BugCell.xib */ = {isa = PBXFileReference; lastKnownFileType = file.xib; path = BugCell.xib; sourceTree = "<group>"; };
		5A6EEDCB29EE90BE00D79822 /* BugViewController.swift */ = {isa = PBXFileReference; lastKnownFileType = sourcecode.swift; path = BugViewController.swift; sourceTree = "<group>"; };
		5A6EEDD129EE921800D79822 /* UICollectionViewCell+util.swift */ = {isa = PBXFileReference; lastKnownFileType = sourcecode.swift; path = "UICollectionViewCell+util.swift"; sourceTree = "<group>"; };
		5A6EEDD329EE94F500D79822 /* NewBugView.swift */ = {isa = PBXFileReference; lastKnownFileType = sourcecode.swift; path = NewBugView.swift; sourceTree = "<group>"; };
		5A6EEDD529EE94FE00D79822 /* NewBugView.xib */ = {isa = PBXFileReference; lastKnownFileType = file.xib; path = NewBugView.xib; sourceTree = "<group>"; };
		5A6EEDD729EE98E400D79822 /* BugViewModel.swift */ = {isa = PBXFileReference; lastKnownFileType = sourcecode.swift; path = BugViewModel.swift; sourceTree = "<group>"; };
		5A7B600F2A122477003D4376 /* UIBarButtonItem+util.swift */ = {isa = PBXFileReference; lastKnownFileType = sourcecode.swift; path = "UIBarButtonItem+util.swift"; sourceTree = "<group>"; };
		5A854EA829FA136300282A08 /* AppCoordinator.swift */ = {isa = PBXFileReference; lastKnownFileType = sourcecode.swift; path = AppCoordinator.swift; sourceTree = "<group>"; };
		5A854EAA29FA13FF00282A08 /* CitizenCoordinator.swift */ = {isa = PBXFileReference; lastKnownFileType = sourcecode.swift; path = CitizenCoordinator.swift; sourceTree = "<group>"; };
		5A854EAC29FA5B3200282A08 /* BugCoordinator.swift */ = {isa = PBXFileReference; lastKnownFileType = sourcecode.swift; path = BugCoordinator.swift; sourceTree = "<group>"; };
		5A8A0AB729F269F7005C831F /* CitizenTableViewCell.swift */ = {isa = PBXFileReference; lastKnownFileType = sourcecode.swift; path = CitizenTableViewCell.swift; sourceTree = "<group>"; };
		5A8A0AB929F26A27005C831F /* CitizenTableViewCell.xib */ = {isa = PBXFileReference; lastKnownFileType = file.xib; path = CitizenTableViewCell.xib; sourceTree = "<group>"; };
		5A8A0ABF29F26C0A005C831F /* CitizenViewController.swift */ = {isa = PBXFileReference; lastKnownFileType = sourcecode.swift; path = CitizenViewController.swift; sourceTree = "<group>"; };
		5A8A0AC529F27061005C831F /* NewCitizenView.xib */ = {isa = PBXFileReference; lastKnownFileType = file.xib; path = NewCitizenView.xib; sourceTree = "<group>"; };
		5A8A0AC729F27069005C831F /* NewCitizenView.swift */ = {isa = PBXFileReference; lastKnownFileType = sourcecode.swift; path = NewCitizenView.swift; sourceTree = "<group>"; };
		5A9398152A08D766008CDDC5 /* CoreDataManager.swift */ = {isa = PBXFileReference; lastKnownFileType = sourcecode.swift; path = CoreDataManager.swift; sourceTree = "<group>"; };
		5A9B0C9029EFA03500737AED /* MyInfoSettingViewCell.swift */ = {isa = PBXFileReference; lastKnownFileType = sourcecode.swift; path = MyInfoSettingViewCell.swift; sourceTree = "<group>"; };
		5A9B0C9229EFA04200737AED /* MyInfoSettingViewCell.xib */ = {isa = PBXFileReference; lastKnownFileType = file.xib; path = MyInfoSettingViewCell.xib; sourceTree = "<group>"; };
		5A9B0C9429EFA2A900737AED /* MyInfoViewController.swift */ = {isa = PBXFileReference; lastKnownFileType = sourcecode.swift; path = MyInfoViewController.swift; sourceTree = "<group>"; };
		5A9B0C9629EFCFDD00737AED /* AddressConstants.swift */ = {isa = PBXFileReference; lastKnownFileType = sourcecode.swift; path = AddressConstants.swift; sourceTree = "<group>"; };
		5AB2E36529F2448900CA4DBF /* Bundle+util.swift */ = {isa = PBXFileReference; lastKnownFileType = sourcecode.swift; path = "Bundle+util.swift"; sourceTree = "<group>"; };
		5AB2E36829F2453A00CA4DBF /* FishViewModel.swift */ = {isa = PBXFileReference; lastKnownFileType = sourcecode.swift; path = FishViewModel.swift; sourceTree = "<group>"; };
		5AC3BD432A0A388500095FA4 /* CitizenList.xcdatamodel */ = {isa = PBXFileReference; lastKnownFileType = wrapper.xcdatamodel; path = CitizenList.xcdatamodel; sourceTree = "<group>"; };
		5AD2695A2A009D6F004DD22C /* String+Extension.swift */ = {isa = PBXFileReference; lastKnownFileType = sourcecode.swift; path = "String+Extension.swift"; sourceTree = "<group>"; };
		5AD2695C2A00A2C9004DD22C /* FishCoordinator.swift */ = {isa = PBXFileReference; lastKnownFileType = sourcecode.swift; path = FishCoordinator.swift; sourceTree = "<group>"; };
		5AD2695F2A00A5BA004DD22C /* ImageCacheManager.swift */ = {isa = PBXFileReference; lastKnownFileType = sourcecode.swift; path = ImageCacheManager.swift; sourceTree = "<group>"; };
		5AD269612A00A7ED004DD22C /* UIImageView+Extension.swift */ = {isa = PBXFileReference; lastKnownFileType = sourcecode.swift; path = "UIImageView+Extension.swift"; sourceTree = "<group>"; };
		B169AF0D67EA066A5A5497FD /* Pods-AnimalCrossWiki.debug.xcconfig */ = {isa = PBXFileReference; includeInIndex = 1; lastKnownFileType = text.xcconfig; name = "Pods-AnimalCrossWiki.debug.xcconfig"; path = "Target Support Files/Pods-AnimalCrossWiki/Pods-AnimalCrossWiki.debug.xcconfig"; sourceTree = "<group>"; };
/* End PBXFileReference section */

/* Begin PBXFrameworksBuildPhase section */
		16C2456D29C02D1000A937C7 /* Frameworks */ = {
			isa = PBXFrameworksBuildPhase;
			buildActionMask = 2147483647;
			files = (
				77B60FFDFCB396667A77DB79 /* Pods_AnimalCrossWiki.framework in Frameworks */,
			);
			runOnlyForDeploymentPostprocessing = 0;
		};
/* End PBXFrameworksBuildPhase section */

/* Begin PBXGroup section */
		16AA0B7E29C1DC4D002FB416 /* View */ = {
			isa = PBXGroup;
			children = (
				5A9398082A08D48F008CDDC5 /* Artwork */,
				5A854EB729FA5CE300282A08 /* Custrom */,
				5AB2E36329F2439B00CA4DBF /* TabBar */,
				5AB2E36429F2442500CA4DBF /* Citizen */,
				5A6EEDC629EE8EA900D79822 /* Bug */,
				5A68C60629E7DE0D00B7985D /* Fish */,
			);
			path = View;
			sourceTree = "<group>";
		};
		16AA0B7F29C1DC4F002FB416 /* Model */ = {
			isa = PBXGroup;
			children = (
				16C2459029C02FE300A937C7 /* Model.swift */,
			);
			path = Model;
			sourceTree = "<group>";
		};
		16AA0B8029C1DC83002FB416 /* Resource */ = {
			isa = PBXGroup;
			children = (
				16C2457C29C02D1300A937C7 /* Assets.xcassets */,
			);
			path = Resource;
			sourceTree = "<group>";
		};
		16AA0B8129C1DC85002FB416 /* Application */ = {
			isa = PBXGroup;
			children = (
				16C2457E29C02D1300A937C7 /* LaunchScreen.storyboard */,
				16C2457329C02D1000A937C7 /* AppDelegate.swift */,
				5AC3BD422A0A388500095FA4 /* CitizenList.xcdatamodeld */,
				16C2457529C02D1000A937C7 /* SceneDelegate.swift */,
			);
			path = Application;
			sourceTree = "<group>";
		};
		16AA0B8229C1DCB1002FB416 /* Extension */ = {
			isa = PBXGroup;
			children = (
				5AB2E36529F2448900CA4DBF /* Bundle+util.swift */,
				16C2459429C0387B00A937C7 /* UIViewController+preview.swift */,
				5A68C5FA29E7D36500B7985D /* UIView+nib.swift */,
				5A68C60729E7DED300B7985D /* UITableViewCell+util.swift */,
				5A68C60929E7DEFC00B7985D /* UITableViewHeaderFooterView+util.swift */,
				5A6EEDD129EE921800D79822 /* UICollectionViewCell+util.swift */,
				5AD2695A2A009D6F004DD22C /* String+Extension.swift */,
				5AD269612A00A7ED004DD22C /* UIImageView+Extension.swift */,
				5A7B600F2A122477003D4376 /* UIBarButtonItem+util.swift */,
			);
			path = Extension;
			sourceTree = "<group>";
		};
		16C2456729C02D1000A937C7 = {
			isa = PBXGroup;
			children = (
				16C2457229C02D1000A937C7 /* AnimalCrossWiki */,
				16C2457129C02D1000A937C7 /* Products */,
				A31861F58882D811F3EBF057 /* Pods */,
				A68B04249C6668E264978EFD /* Frameworks */,
			);
			sourceTree = "<group>";
		};
		16C2457129C02D1000A937C7 /* Products */ = {
			isa = PBXGroup;
			children = (
				16C2457029C02D1000A937C7 /* AnimalCrossWiki.app */,
			);
			name = Products;
			sourceTree = "<group>";
		};
		16C2457229C02D1000A937C7 /* AnimalCrossWiki */ = {
			isa = PBXGroup;
			children = (
				5A93980C2A08D5F3008CDDC5 /* CoreData */,
				5AD2695E2A00A5A8004DD22C /* Manager */,
				16AA0B8129C1DC85002FB416 /* Application */,
				16AA0B8229C1DCB1002FB416 /* Extension */,
				5A854EA729FA135300282A08 /* Coordinator */,
				16AA0B7F29C1DC4F002FB416 /* Model */,
				16AA0B7E29C1DC4D002FB416 /* View */,
				16AA0B8029C1DC83002FB416 /* Resource */,
				16C2458129C02D1300A937C7 /* Info.plist */,
			);
			path = AnimalCrossWiki;
			sourceTree = "<group>";
		};
		5A68C60629E7DE0D00B7985D /* Fish */ = {
			isa = PBXGroup;
			children = (
				5A854EB629FA5CBD00282A08 /* Coordinator */,
				5A854EB529FA5CBA00282A08 /* View */,
				5A854EB429FA5CB800282A08 /* ViewModel */,
			);
			path = Fish;
			sourceTree = "<group>";
		};
		5A6EEDC629EE8EA900D79822 /* Bug */ = {
			isa = PBXGroup;
			children = (
				5A854EAE29FA5C3700282A08 /* Coordinator */,
				5A854EB029FA5C4600282A08 /* View */,
				5A854EAF29FA5C3C00282A08 /* ViewModel */,
			);
			path = Bug;
			sourceTree = "<group>";
		};
		5A854EA729FA135300282A08 /* Coordinator */ = {
			isa = PBXGroup;
			children = (
				5A854EA829FA136300282A08 /* AppCoordinator.swift */,
			);
			path = Coordinator;
			sourceTree = "<group>";
		};
		5A854EAE29FA5C3700282A08 /* Coordinator */ = {
			isa = PBXGroup;
			children = (
				5A854EAC29FA5B3200282A08 /* BugCoordinator.swift */,
			);
			path = Coordinator;
			sourceTree = "<group>";
		};
		5A854EAF29FA5C3C00282A08 /* ViewModel */ = {
			isa = PBXGroup;
			children = (
				5A6EEDD729EE98E400D79822 /* BugViewModel.swift */,
			);
			path = ViewModel;
			sourceTree = "<group>";
		};
		5A854EB029FA5C4600282A08 /* View */ = {
			isa = PBXGroup;
			children = (
				5A6EEDC729EE8EB700D79822 /* BugCell.swift */,
				5A6EEDC929EE8EC200D79822 /* BugCell.xib */,
				5A6EEDCB29EE90BE00D79822 /* BugViewController.swift */,
				5A6EEDD329EE94F500D79822 /* NewBugView.swift */,
				5A6EEDD529EE94FE00D79822 /* NewBugView.xib */,
				5A3628C929EF9D4D00D4CAB6 /* MyInfoSettingView.swift */,
				5A3628CB29EF9D6D00D4CAB6 /* MyInfoSettingView.xib */,
				5A9B0C9029EFA03500737AED /* MyInfoSettingViewCell.swift */,
				5A9B0C9229EFA04200737AED /* MyInfoSettingViewCell.xib */,
				5A9B0C9429EFA2A900737AED /* MyInfoViewController.swift */,
			);
			path = View;
			sourceTree = "<group>";
		};
		5A854EB129FA5C5F00282A08 /* View */ = {
			isa = PBXGroup;
			children = (
				16C2459229C02FF200A937C7 /* AnimalTableViewCell.swift */,
				167C8BA829C6EB6700727889 /* AnimalDetailView.swift */,
				16C2457729C02D1000A937C7 /* ViewController.swift */,
				5A8A0AB729F269F7005C831F /* CitizenTableViewCell.swift */,
				5A8A0AB929F26A27005C831F /* CitizenTableViewCell.xib */,
				5A8A0ABF29F26C0A005C831F /* CitizenViewController.swift */,
				5A8A0AC529F27061005C831F /* NewCitizenView.xib */,
				5A8A0AC729F27069005C831F /* NewCitizenView.swift */,
			);
			path = View;
			sourceTree = "<group>";
		};
		5A854EB329FA5C6800282A08 /* Coordinator */ = {
			isa = PBXGroup;
			children = (
				5A854EAA29FA13FF00282A08 /* CitizenCoordinator.swift */,
			);
			path = Coordinator;
			sourceTree = "<group>";
		};
		5A854EB429FA5CB800282A08 /* ViewModel */ = {
			isa = PBXGroup;
			children = (
				5AB2E36829F2453A00CA4DBF /* FishViewModel.swift */,
			);
			path = ViewModel;
			sourceTree = "<group>";
		};
		5A854EB529FA5CBA00282A08 /* View */ = {
			isa = PBXGroup;
			children = (
				5A68C5FC29E7D3D500B7985D /* FishViewHeader.swift */,
				5A68C60029E7D3EF00B7985D /* FishViewHeader.xib */,
				5A68C5FE29E7D3E300B7985D /* FishViewCell.swift */,
				5A68C60229E7D3F900B7985D /* FishViewCell.xib */,
				5A68C60429E7DE0900B7985D /* FishViewController.swift */,
				5A68C60D29E7EDCB00B7985D /* NewFishView.xib */,
				5A68C60F29E7EDD500B7985D /* NewFishView.swift */,
			);
			path = View;
			sourceTree = "<group>";
		};
		5A854EB629FA5CBD00282A08 /* Coordinator */ = {
			isa = PBXGroup;
			children = (
				5AD2695C2A00A2C9004DD22C /* FishCoordinator.swift */,
			);
			path = Coordinator;
			sourceTree = "<group>";
		};
		5A854EB729FA5CE300282A08 /* Custrom */ = {
			isa = PBXGroup;
			children = (
				163C5B2629C0E09B00A38F3E /* CustomImageView.swift */,
				16E4330F29C2BBAB004437D3 /* CustomHeaderView.swift */,
			);
			path = Custrom;
			sourceTree = "<group>";
		};
		5A9398082A08D48F008CDDC5 /* Artwork */ = {
			isa = PBXGroup;
			children = (
			);
			path = Artwork;
			sourceTree = "<group>";
		};
		5A93980C2A08D5F3008CDDC5 /* CoreData */ = {
			isa = PBXGroup;
			children = (
				5A9398152A08D766008CDDC5 /* CoreDataManager.swift */,
			);
			path = CoreData;
			sourceTree = "<group>";
		};
		5AB2E36329F2439B00CA4DBF /* TabBar */ = {
			isa = PBXGroup;
			children = (
				16AA0B7929C1D3AF002FB416 /* TabBarViewController.swift */,
			);
			path = TabBar;
			sourceTree = "<group>";
		};
		5AB2E36429F2442500CA4DBF /* Citizen */ = {
			isa = PBXGroup;
			children = (
				5A854EB329FA5C6800282A08 /* Coordinator */,
				5A854EB129FA5C5F00282A08 /* View */,
				5AB2E36729F244D500CA4DBF /* ViewModel */,
			);
			path = Citizen;
			sourceTree = "<group>";
		};
		5AB2E36729F244D500CA4DBF /* ViewModel */ = {
			isa = PBXGroup;
			children = (
				16C2458E29C02FDA00A937C7 /* ViewModel.swift */,
			);
			path = ViewModel;
			sourceTree = "<group>";
		};
		5AD2695E2A00A5A8004DD22C /* Manager */ = {
			isa = PBXGroup;
			children = (
				5AD2695F2A00A5BA004DD22C /* ImageCacheManager.swift */,
				5A9B0C9629EFCFDD00737AED /* AddressConstants.swift */,
			);
			path = Manager;
			sourceTree = "<group>";
		};
		A31861F58882D811F3EBF057 /* Pods */ = {
			isa = PBXGroup;
			children = (
				B169AF0D67EA066A5A5497FD /* Pods-AnimalCrossWiki.debug.xcconfig */,
				11BEA51F67F1C1E246AF6C90 /* Pods-AnimalCrossWiki.release.xcconfig */,
			);
			path = Pods;
			sourceTree = "<group>";
		};
		A68B04249C6668E264978EFD /* Frameworks */ = {
			isa = PBXGroup;
			children = (
				017EAFB4E9B574160095B6CF /* Pods_AnimalCrossWiki.framework */,
			);
			name = Frameworks;
			sourceTree = "<group>";
		};
/* End PBXGroup section */

/* Begin PBXNativeTarget section */
		16C2456F29C02D1000A937C7 /* AnimalCrossWiki */ = {
			isa = PBXNativeTarget;
			buildConfigurationList = 16C2458429C02D1300A937C7 /* Build configuration list for PBXNativeTarget "AnimalCrossWiki" */;
			buildPhases = (
				F63FEA5D43A8A30FA54C6DFF /* [CP] Check Pods Manifest.lock */,
				16C2456C29C02D1000A937C7 /* Sources */,
				16C2456D29C02D1000A937C7 /* Frameworks */,
				16C2456E29C02D1000A937C7 /* Resources */,
				68E6FF0B31C01D7A15F59E36 /* [CP] Embed Pods Frameworks */,
			);
			buildRules = (
			);
			dependencies = (
			);
			name = AnimalCrossWiki;
			productName = AnimalCrossWiki;
			productReference = 16C2457029C02D1000A937C7 /* AnimalCrossWiki.app */;
			productType = "com.apple.product-type.application";
		};
/* End PBXNativeTarget section */

/* Begin PBXProject section */
		16C2456829C02D1000A937C7 /* Project object */ = {
			isa = PBXProject;
			attributes = {
				BuildIndependentTargetsInParallel = 1;
				LastSwiftUpdateCheck = 1410;
				LastUpgradeCheck = 1410;
				TargetAttributes = {
					16C2456F29C02D1000A937C7 = {
						CreatedOnToolsVersion = 14.1;
					};
				};
			};
			buildConfigurationList = 16C2456B29C02D1000A937C7 /* Build configuration list for PBXProject "AnimalCrossWiki" */;
			compatibilityVersion = "Xcode 13.0";
			developmentRegion = en;
			hasScannedForEncodings = 0;
			knownRegions = (
				en,
				Base,
			);
			mainGroup = 16C2456729C02D1000A937C7;
			productRefGroup = 16C2457129C02D1000A937C7 /* Products */;
			projectDirPath = "";
			projectRoot = "";
			targets = (
				16C2456F29C02D1000A937C7 /* AnimalCrossWiki */,
			);
		};
/* End PBXProject section */

/* Begin PBXResourcesBuildPhase section */
		16C2456E29C02D1000A937C7 /* Resources */ = {
			isa = PBXResourcesBuildPhase;
			buildActionMask = 2147483647;
			files = (
				16C2458029C02D1300A937C7 /* LaunchScreen.storyboard in Resources */,
				5A3628CC29EF9D6D00D4CAB6 /* MyInfoSettingView.xib in Resources */,
				5A9B0C9329EFA04200737AED /* MyInfoSettingViewCell.xib in Resources */,
				5A68C60129E7D3EF00B7985D /* FishViewHeader.xib in Resources */,
				5A8A0ABA29F26A27005C831F /* CitizenTableViewCell.xib in Resources */,
				5A68C60329E7D3F900B7985D /* FishViewCell.xib in Resources */,
				16C2457D29C02D1300A937C7 /* Assets.xcassets in Resources */,
				5A6EEDD629EE94FE00D79822 /* NewBugView.xib in Resources */,
				5A6EEDCA29EE8EC200D79822 /* BugCell.xib in Resources */,
				5A8A0AC629F27061005C831F /* NewCitizenView.xib in Resources */,
				5A68C60E29E7EDCB00B7985D /* NewFishView.xib in Resources */,
			);
			runOnlyForDeploymentPostprocessing = 0;
		};
/* End PBXResourcesBuildPhase section */

/* Begin PBXShellScriptBuildPhase section */
		68E6FF0B31C01D7A15F59E36 /* [CP] Embed Pods Frameworks */ = {
			isa = PBXShellScriptBuildPhase;
			buildActionMask = 2147483647;
			files = (
			);
			inputFileListPaths = (
				"${PODS_ROOT}/Target Support Files/Pods-AnimalCrossWiki/Pods-AnimalCrossWiki-frameworks-${CONFIGURATION}-input-files.xcfilelist",
			);
			name = "[CP] Embed Pods Frameworks";
			outputFileListPaths = (
				"${PODS_ROOT}/Target Support Files/Pods-AnimalCrossWiki/Pods-AnimalCrossWiki-frameworks-${CONFIGURATION}-output-files.xcfilelist",
			);
			runOnlyForDeploymentPostprocessing = 0;
			shellPath = /bin/sh;
			shellScript = "\"${PODS_ROOT}/Target Support Files/Pods-AnimalCrossWiki/Pods-AnimalCrossWiki-frameworks.sh\"\n";
			showEnvVarsInLog = 0;
		};
		F63FEA5D43A8A30FA54C6DFF /* [CP] Check Pods Manifest.lock */ = {
			isa = PBXShellScriptBuildPhase;
			buildActionMask = 2147483647;
			files = (
			);
			inputFileListPaths = (
			);
			inputPaths = (
				"${PODS_PODFILE_DIR_PATH}/Podfile.lock",
				"${PODS_ROOT}/Manifest.lock",
			);
			name = "[CP] Check Pods Manifest.lock";
			outputFileListPaths = (
			);
			outputPaths = (
				"$(DERIVED_FILE_DIR)/Pods-AnimalCrossWiki-checkManifestLockResult.txt",
			);
			runOnlyForDeploymentPostprocessing = 0;
			shellPath = /bin/sh;
			shellScript = "diff \"${PODS_PODFILE_DIR_PATH}/Podfile.lock\" \"${PODS_ROOT}/Manifest.lock\" > /dev/null\nif [ $? != 0 ] ; then\n    # print error to STDERR\n    echo \"error: The sandbox is not in sync with the Podfile.lock. Run 'pod install' or update your CocoaPods installation.\" >&2\n    exit 1\nfi\n# This output is used by Xcode 'outputs' to avoid re-running this script phase.\necho \"SUCCESS\" > \"${SCRIPT_OUTPUT_FILE_0}\"\n";
			showEnvVarsInLog = 0;
		};
/* End PBXShellScriptBuildPhase section */

/* Begin PBXSourcesBuildPhase section */
		16C2456C29C02D1000A937C7 /* Sources */ = {
			isa = PBXSourcesBuildPhase;
			buildActionMask = 2147483647;
			files = (
				5A854EA929FA136300282A08 /* AppCoordinator.swift in Sources */,
				5A68C60529E7DE0900B7985D /* FishViewController.swift in Sources */,
				5A9B0C9129EFA03500737AED /* MyInfoSettingViewCell.swift in Sources */,
				5A68C5FF29E7D3E300B7985D /* FishViewCell.swift in Sources */,
				5A3628CA29EF9D4D00D4CAB6 /* MyInfoSettingView.swift in Sources */,
				5AB2E36629F2448900CA4DBF /* Bundle+util.swift in Sources */,
				5A68C5FB29E7D36500B7985D /* UIView+nib.swift in Sources */,
				16C2459129C02FE300A937C7 /* Model.swift in Sources */,
				163C5B2729C0E09B00A38F3E /* CustomImageView.swift in Sources */,
				5A8A0AB829F269F7005C831F /* CitizenTableViewCell.swift in Sources */,
				5A6EEDD429EE94F500D79822 /* NewBugView.swift in Sources */,
				5A8A0AC029F26C0A005C831F /* CitizenViewController.swift in Sources */,
				5A6EEDCC29EE90BE00D79822 /* BugViewController.swift in Sources */,
				16C2459529C0387B00A937C7 /* UIViewController+preview.swift in Sources */,
				5AD269602A00A5BA004DD22C /* ImageCacheManager.swift in Sources */,
				5AD269622A00A7ED004DD22C /* UIImageView+Extension.swift in Sources */,
				5A68C61029E7EDD500B7985D /* NewFishView.swift in Sources */,
				5A6EEDD229EE921800D79822 /* UICollectionViewCell+util.swift in Sources */,
				16C2457829C02D1000A937C7 /* ViewController.swift in Sources */,
				5AB2E36929F2453A00CA4DBF /* FishViewModel.swift in Sources */,
				5A8A0AC829F27069005C831F /* NewCitizenView.swift in Sources */,
				5A68C60829E7DED300B7985D /* UITableViewCell+util.swift in Sources */,
				5A9398162A08D766008CDDC5 /* CoreDataManager.swift in Sources */,
				167C8BA929C6EB6700727889 /* AnimalDetailView.swift in Sources */,
				5A68C60A29E7DEFC00B7985D /* UITableViewHeaderFooterView+util.swift in Sources */,
				16AA0B7A29C1D3B0002FB416 /* TabBarViewController.swift in Sources */,
				16C2457429C02D1000A937C7 /* AppDelegate.swift in Sources */,
				5AD2695B2A009D6F004DD22C /* String+Extension.swift in Sources */,
				5A9B0C9529EFA2A900737AED /* MyInfoViewController.swift in Sources */,
				5AD2695D2A00A2C9004DD22C /* FishCoordinator.swift in Sources */,
				5A9B0C9729EFCFDD00737AED /* AddressConstants.swift in Sources */,
				16C2459329C02FF200A937C7 /* AnimalTableViewCell.swift in Sources */,
				5A854EAD29FA5B3200282A08 /* BugCoordinator.swift in Sources */,
				5AC3BD442A0A388500095FA4 /* CitizenList.xcdatamodeld in Sources */,
				16E4331029C2BBAB004437D3 /* CustomHeaderView.swift in Sources */,
				16C2458F29C02FDA00A937C7 /* ViewModel.swift in Sources */,
				5A7B60102A122477003D4376 /* UIBarButtonItem+util.swift in Sources */,
				5A68C5FD29E7D3D500B7985D /* FishViewHeader.swift in Sources */,
				5A6EEDC829EE8EB700D79822 /* BugCell.swift in Sources */,
				5A854EAB29FA13FF00282A08 /* CitizenCoordinator.swift in Sources */,
				16C2457629C02D1000A937C7 /* SceneDelegate.swift in Sources */,
				5A6EEDD829EE98E400D79822 /* BugViewModel.swift in Sources */,
			);
			runOnlyForDeploymentPostprocessing = 0;
		};
/* End PBXSourcesBuildPhase section */

/* Begin PBXVariantGroup section */
		16C2457E29C02D1300A937C7 /* LaunchScreen.storyboard */ = {
			isa = PBXVariantGroup;
			children = (
				16C2457F29C02D1300A937C7 /* Base */,
			);
			name = LaunchScreen.storyboard;
			sourceTree = "<group>";
		};
/* End PBXVariantGroup section */

/* Begin XCBuildConfiguration section */
		16C2458229C02D1300A937C7 /* Debug */ = {
			isa = XCBuildConfiguration;
			buildSettings = {
				ALWAYS_SEARCH_USER_PATHS = NO;
				CLANG_ANALYZER_NONNULL = YES;
				CLANG_ANALYZER_NUMBER_OBJECT_CONVERSION = YES_AGGRESSIVE;
				CLANG_CXX_LANGUAGE_STANDARD = "gnu++20";
				CLANG_ENABLE_MODULES = YES;
				CLANG_ENABLE_OBJC_ARC = YES;
				CLANG_ENABLE_OBJC_WEAK = YES;
				CLANG_WARN_BLOCK_CAPTURE_AUTORELEASING = YES;
				CLANG_WARN_BOOL_CONVERSION = YES;
				CLANG_WARN_COMMA = YES;
				CLANG_WARN_CONSTANT_CONVERSION = YES;
				CLANG_WARN_DEPRECATED_OBJC_IMPLEMENTATIONS = YES;
				CLANG_WARN_DIRECT_OBJC_ISA_USAGE = YES_ERROR;
				CLANG_WARN_DOCUMENTATION_COMMENTS = YES;
				CLANG_WARN_EMPTY_BODY = YES;
				CLANG_WARN_ENUM_CONVERSION = YES;
				CLANG_WARN_INFINITE_RECURSION = YES;
				CLANG_WARN_INT_CONVERSION = YES;
				CLANG_WARN_NON_LITERAL_NULL_CONVERSION = YES;
				CLANG_WARN_OBJC_IMPLICIT_RETAIN_SELF = YES;
				CLANG_WARN_OBJC_LITERAL_CONVERSION = YES;
				CLANG_WARN_OBJC_ROOT_CLASS = YES_ERROR;
				CLANG_WARN_QUOTED_INCLUDE_IN_FRAMEWORK_HEADER = YES;
				CLANG_WARN_RANGE_LOOP_ANALYSIS = YES;
				CLANG_WARN_STRICT_PROTOTYPES = YES;
				CLANG_WARN_SUSPICIOUS_MOVE = YES;
				CLANG_WARN_UNGUARDED_AVAILABILITY = YES_AGGRESSIVE;
				CLANG_WARN_UNREACHABLE_CODE = YES;
				CLANG_WARN__DUPLICATE_METHOD_MATCH = YES;
				COPY_PHASE_STRIP = NO;
				DEBUG_INFORMATION_FORMAT = dwarf;
				ENABLE_STRICT_OBJC_MSGSEND = YES;
				ENABLE_TESTABILITY = YES;
				GCC_C_LANGUAGE_STANDARD = gnu11;
				GCC_DYNAMIC_NO_PIC = NO;
				GCC_NO_COMMON_BLOCKS = YES;
				GCC_OPTIMIZATION_LEVEL = 0;
				GCC_PREPROCESSOR_DEFINITIONS = (
					"DEBUG=1",
					"$(inherited)",
				);
				GCC_WARN_64_TO_32_BIT_CONVERSION = YES;
				GCC_WARN_ABOUT_RETURN_TYPE = YES_ERROR;
				GCC_WARN_UNDECLARED_SELECTOR = YES;
				GCC_WARN_UNINITIALIZED_AUTOS = YES_AGGRESSIVE;
				GCC_WARN_UNUSED_FUNCTION = YES;
				GCC_WARN_UNUSED_VARIABLE = YES;
				IPHONEOS_DEPLOYMENT_TARGET = 16.1;
				MTL_ENABLE_DEBUG_INFO = INCLUDE_SOURCE;
				MTL_FAST_MATH = YES;
				ONLY_ACTIVE_ARCH = YES;
				SDKROOT = iphoneos;
				SWIFT_ACTIVE_COMPILATION_CONDITIONS = DEBUG;
				SWIFT_OPTIMIZATION_LEVEL = "-Onone";
			};
			name = Debug;
		};
		16C2458329C02D1300A937C7 /* Release */ = {
			isa = XCBuildConfiguration;
			buildSettings = {
				ALWAYS_SEARCH_USER_PATHS = NO;
				CLANG_ANALYZER_NONNULL = YES;
				CLANG_ANALYZER_NUMBER_OBJECT_CONVERSION = YES_AGGRESSIVE;
				CLANG_CXX_LANGUAGE_STANDARD = "gnu++20";
				CLANG_ENABLE_MODULES = YES;
				CLANG_ENABLE_OBJC_ARC = YES;
				CLANG_ENABLE_OBJC_WEAK = YES;
				CLANG_WARN_BLOCK_CAPTURE_AUTORELEASING = YES;
				CLANG_WARN_BOOL_CONVERSION = YES;
				CLANG_WARN_COMMA = YES;
				CLANG_WARN_CONSTANT_CONVERSION = YES;
				CLANG_WARN_DEPRECATED_OBJC_IMPLEMENTATIONS = YES;
				CLANG_WARN_DIRECT_OBJC_ISA_USAGE = YES_ERROR;
				CLANG_WARN_DOCUMENTATION_COMMENTS = YES;
				CLANG_WARN_EMPTY_BODY = YES;
				CLANG_WARN_ENUM_CONVERSION = YES;
				CLANG_WARN_INFINITE_RECURSION = YES;
				CLANG_WARN_INT_CONVERSION = YES;
				CLANG_WARN_NON_LITERAL_NULL_CONVERSION = YES;
				CLANG_WARN_OBJC_IMPLICIT_RETAIN_SELF = YES;
				CLANG_WARN_OBJC_LITERAL_CONVERSION = YES;
				CLANG_WARN_OBJC_ROOT_CLASS = YES_ERROR;
				CLANG_WARN_QUOTED_INCLUDE_IN_FRAMEWORK_HEADER = YES;
				CLANG_WARN_RANGE_LOOP_ANALYSIS = YES;
				CLANG_WARN_STRICT_PROTOTYPES = YES;
				CLANG_WARN_SUSPICIOUS_MOVE = YES;
				CLANG_WARN_UNGUARDED_AVAILABILITY = YES_AGGRESSIVE;
				CLANG_WARN_UNREACHABLE_CODE = YES;
				CLANG_WARN__DUPLICATE_METHOD_MATCH = YES;
				COPY_PHASE_STRIP = NO;
				DEBUG_INFORMATION_FORMAT = "dwarf-with-dsym";
				ENABLE_NS_ASSERTIONS = NO;
				ENABLE_STRICT_OBJC_MSGSEND = YES;
				GCC_C_LANGUAGE_STANDARD = gnu11;
				GCC_NO_COMMON_BLOCKS = YES;
				GCC_WARN_64_TO_32_BIT_CONVERSION = YES;
				GCC_WARN_ABOUT_RETURN_TYPE = YES_ERROR;
				GCC_WARN_UNDECLARED_SELECTOR = YES;
				GCC_WARN_UNINITIALIZED_AUTOS = YES_AGGRESSIVE;
				GCC_WARN_UNUSED_FUNCTION = YES;
				GCC_WARN_UNUSED_VARIABLE = YES;
				IPHONEOS_DEPLOYMENT_TARGET = 16.1;
				MTL_ENABLE_DEBUG_INFO = NO;
				MTL_FAST_MATH = YES;
				SDKROOT = iphoneos;
				SWIFT_COMPILATION_MODE = wholemodule;
				SWIFT_OPTIMIZATION_LEVEL = "-O";
				VALIDATE_PRODUCT = YES;
			};
			name = Release;
		};
		16C2458529C02D1300A937C7 /* Debug */ = {
			isa = XCBuildConfiguration;
			baseConfigurationReference = B169AF0D67EA066A5A5497FD /* Pods-AnimalCrossWiki.debug.xcconfig */;
			buildSettings = {
				ASSETCATALOG_COMPILER_APPICON_NAME = AppIcon;
				ASSETCATALOG_COMPILER_GLOBAL_ACCENT_COLOR_NAME = AccentColor;
				CODE_SIGN_STYLE = Automatic;
				CURRENT_PROJECT_VERSION = 1;
				DEVELOPMENT_TEAM = 69AX92X75M;
				GENERATE_INFOPLIST_FILE = YES;
				INFOPLIST_FILE = AnimalCrossWiki/Info.plist;
				INFOPLIST_KEY_UIApplicationSupportsIndirectInputEvents = YES;
				INFOPLIST_KEY_UILaunchStoryboardName = LaunchScreen;
				INFOPLIST_KEY_UIMainStoryboardFile = "";
				INFOPLIST_KEY_UIStatusBarStyle = "";
				INFOPLIST_KEY_UISupportedInterfaceOrientations_iPad = "UIInterfaceOrientationPortrait UIInterfaceOrientationPortraitUpsideDown UIInterfaceOrientationLandscapeLeft UIInterfaceOrientationLandscapeRight";
				INFOPLIST_KEY_UISupportedInterfaceOrientations_iPhone = "UIInterfaceOrientationPortrait UIInterfaceOrientationLandscapeLeft UIInterfaceOrientationLandscapeRight";
				IPHONEOS_DEPLOYMENT_TARGET = 15.0;
				LD_RUNPATH_SEARCH_PATHS = (
					"$(inherited)",
					"@executable_path/Frameworks",
				);
				MARKETING_VERSION = 1.0;
				PRODUCT_BUNDLE_IDENTIFIER = minho.AnimalCrossWiki.AnimalCrossWiki;
				PRODUCT_NAME = "$(TARGET_NAME)";
				SWIFT_EMIT_LOC_STRINGS = YES;
				SWIFT_VERSION = 5.0;
				TARGETED_DEVICE_FAMILY = "1,2";
			};
			name = Debug;
		};
		16C2458629C02D1300A937C7 /* Release */ = {
			isa = XCBuildConfiguration;
			baseConfigurationReference = 11BEA51F67F1C1E246AF6C90 /* Pods-AnimalCrossWiki.release.xcconfig */;
			buildSettings = {
				ASSETCATALOG_COMPILER_APPICON_NAME = AppIcon;
				ASSETCATALOG_COMPILER_GLOBAL_ACCENT_COLOR_NAME = AccentColor;
				CODE_SIGN_STYLE = Automatic;
				CURRENT_PROJECT_VERSION = 1;
				DEVELOPMENT_TEAM = 69AX92X75M;
				GENERATE_INFOPLIST_FILE = YES;
				INFOPLIST_FILE = AnimalCrossWiki/Info.plist;
				INFOPLIST_KEY_UIApplicationSupportsIndirectInputEvents = YES;
				INFOPLIST_KEY_UILaunchStoryboardName = LaunchScreen;
				INFOPLIST_KEY_UIMainStoryboardFile = "";
				INFOPLIST_KEY_UIStatusBarStyle = "";
				INFOPLIST_KEY_UISupportedInterfaceOrientations_iPad = "UIInterfaceOrientationPortrait UIInterfaceOrientationPortraitUpsideDown UIInterfaceOrientationLandscapeLeft UIInterfaceOrientationLandscapeRight";
				INFOPLIST_KEY_UISupportedInterfaceOrientations_iPhone = "UIInterfaceOrientationPortrait UIInterfaceOrientationLandscapeLeft UIInterfaceOrientationLandscapeRight";
				IPHONEOS_DEPLOYMENT_TARGET = 15.0;
				LD_RUNPATH_SEARCH_PATHS = (
					"$(inherited)",
					"@executable_path/Frameworks",
				);
				MARKETING_VERSION = 1.0;
				PRODUCT_BUNDLE_IDENTIFIER = minho.AnimalCrossWiki.AnimalCrossWiki;
				PRODUCT_NAME = "$(TARGET_NAME)";
				SWIFT_EMIT_LOC_STRINGS = YES;
				SWIFT_VERSION = 5.0;
				TARGETED_DEVICE_FAMILY = "1,2";
			};
			name = Release;
		};
/* End XCBuildConfiguration section */

/* Begin XCConfigurationList section */
		16C2456B29C02D1000A937C7 /* Build configuration list for PBXProject "AnimalCrossWiki" */ = {
			isa = XCConfigurationList;
			buildConfigurations = (
				16C2458229C02D1300A937C7 /* Debug */,
				16C2458329C02D1300A937C7 /* Release */,
			);
			defaultConfigurationIsVisible = 0;
			defaultConfigurationName = Release;
		};
		16C2458429C02D1300A937C7 /* Build configuration list for PBXNativeTarget "AnimalCrossWiki" */ = {
			isa = XCConfigurationList;
			buildConfigurations = (
				16C2458529C02D1300A937C7 /* Debug */,
				16C2458629C02D1300A937C7 /* Release */,
			);
			defaultConfigurationIsVisible = 0;
			defaultConfigurationName = Release;
		};
/* End XCConfigurationList section */

/* Begin XCVersionGroup section */
		5AC3BD422A0A388500095FA4 /* CitizenList.xcdatamodeld */ = {
			isa = XCVersionGroup;
			children = (
				5AC3BD432A0A388500095FA4 /* CitizenList.xcdatamodel */,
			);
			currentVersion = 5AC3BD432A0A388500095FA4 /* CitizenList.xcdatamodel */;
			path = CitizenList.xcdatamodeld;
			sourceTree = "<group>";
			versionGroupType = wrapper.xcdatamodel;
		};
/* End XCVersionGroup section */
	};
	rootObject = 16C2456829C02D1000A937C7 /* Project object */;
}
