// !$*UTF8*$!
{
	archiveVersion = 1;
	classes = {
	};
	objectVersion = 56;
	objects = {

/* Begin PBXBuildFile section */
		163C5B2729C0E09B00A38F3E /* CustomImageView.swift in Sources */ = {isa = PBXBuildFile; fileRef = 163C5B2629C0E09B00A38F3E /* CustomImageView.swift */; };
		16AA0B7A29C1D3B0002FB416 /* TabBarViewController.swift in Sources */ = {isa = PBXBuildFile; fileRef = 16AA0B7929C1D3AF002FB416 /* TabBarViewController.swift */; };
		16AA0B7C29C1D593002FB416 /* HomeViewController.swift in Sources */ = {isa = PBXBuildFile; fileRef = 16AA0B7B29C1D593002FB416 /* HomeViewController.swift */; };
		16C2457429C02D1000A937C7 /* AppDelegate.swift in Sources */ = {isa = PBXBuildFile; fileRef = 16C2457329C02D1000A937C7 /* AppDelegate.swift */; };
		16C2457629C02D1000A937C7 /* SceneDelegate.swift in Sources */ = {isa = PBXBuildFile; fileRef = 16C2457529C02D1000A937C7 /* SceneDelegate.swift */; };
		16C2457829C02D1000A937C7 /* ViewController.swift in Sources */ = {isa = PBXBuildFile; fileRef = 16C2457729C02D1000A937C7 /* ViewController.swift */; };
		16C2457D29C02D1300A937C7 /* Assets.xcassets in Resources */ = {isa = PBXBuildFile; fileRef = 16C2457C29C02D1300A937C7 /* Assets.xcassets */; };
		16C2458029C02D1300A937C7 /* LaunchScreen.storyboard in Resources */ = {isa = PBXBuildFile; fileRef = 16C2457E29C02D1300A937C7 /* LaunchScreen.storyboard */; };
		16C2458F29C02FDA00A937C7 /* ViewModel.swift in Sources */ = {isa = PBXBuildFile; fileRef = 16C2458E29C02FDA00A937C7 /* ViewModel.swift */; };
		16C2459129C02FE300A937C7 /* Model.swift in Sources */ = {isa = PBXBuildFile; fileRef = 16C2459029C02FE300A937C7 /* Model.swift */; };
		16C2459329C02FF200A937C7 /* AnimalTableViewCell.swift in Sources */ = {isa = PBXBuildFile; fileRef = 16C2459229C02FF200A937C7 /* AnimalTableViewCell.swift */; };
		16C2459529C0387B00A937C7 /* Extension+UIViewController.swift in Sources */ = {isa = PBXBuildFile; fileRef = 16C2459429C0387B00A937C7 /* Extension+UIViewController.swift */; };
		77B60FFDFCB396667A77DB79 /* Pods_AnimalCrossWiki.framework in Frameworks */ = {isa = PBXBuildFile; fileRef = 017EAFB4E9B574160095B6CF /* Pods_AnimalCrossWiki.framework */; };
/* End PBXBuildFile section */

/* Begin PBXFileReference section */
		017EAFB4E9B574160095B6CF /* Pods_AnimalCrossWiki.framework */ = {isa = PBXFileReference; explicitFileType = wrapper.framework; includeInIndex = 0; path = Pods_AnimalCrossWiki.framework; sourceTree = BUILT_PRODUCTS_DIR; };
		11BEA51F67F1C1E246AF6C90 /* Pods-AnimalCrossWiki.release.xcconfig */ = {isa = PBXFileReference; includeInIndex = 1; lastKnownFileType = text.xcconfig; name = "Pods-AnimalCrossWiki.release.xcconfig"; path = "Target Support Files/Pods-AnimalCrossWiki/Pods-AnimalCrossWiki.release.xcconfig"; sourceTree = "<group>"; };
		163C5B2629C0E09B00A38F3E /* CustomImageView.swift */ = {isa = PBXFileReference; lastKnownFileType = sourcecode.swift; path = CustomImageView.swift; sourceTree = "<group>"; };
		16AA0B7929C1D3AF002FB416 /* TabBarViewController.swift */ = {isa = PBXFileReference; lastKnownFileType = sourcecode.swift; path = TabBarViewController.swift; sourceTree = "<group>"; };
		16AA0B7B29C1D593002FB416 /* HomeViewController.swift */ = {isa = PBXFileReference; lastKnownFileType = sourcecode.swift; path = HomeViewController.swift; sourceTree = "<group>"; };
		16C2457029C02D1000A937C7 /* AnimalCrossWiki.app */ = {isa = PBXFileReference; explicitFileType = wrapper.application; includeInIndex = 0; path = AnimalCrossWiki.app; sourceTree = BUILT_PRODUCTS_DIR; };
		16C2457329C02D1000A937C7 /* AppDelegate.swift */ = {isa = PBXFileReference; lastKnownFileType = sourcecode.swift; path = AppDelegate.swift; sourceTree = "<group>"; };
		16C2457529C02D1000A937C7 /* SceneDelegate.swift */ = {isa = PBXFileReference; lastKnownFileType = sourcecode.swift; path = SceneDelegate.swift; sourceTree = "<group>"; };
		16C2457729C02D1000A937C7 /* ViewController.swift */ = {isa = PBXFileReference; lastKnownFileType = sourcecode.swift; path = ViewController.swift; sourceTree = "<group>"; };
		16C2457C29C02D1300A937C7 /* Assets.xcassets */ = {isa = PBXFileReference; lastKnownFileType = folder.assetcatalog; path = Assets.xcassets; sourceTree = "<group>"; };
		16C2457F29C02D1300A937C7 /* Base */ = {isa = PBXFileReference; lastKnownFileType = file.storyboard; name = Base; path = Base.lproj/LaunchScreen.storyboard; sourceTree = "<group>"; };
		16C2458129C02D1300A937C7 /* Info.plist */ = {isa = PBXFileReference; lastKnownFileType = text.plist.xml; path = Info.plist; sourceTree = "<group>"; };
		16C2458E29C02FDA00A937C7 /* ViewModel.swift */ = {isa = PBXFileReference; lastKnownFileType = sourcecode.swift; path = ViewModel.swift; sourceTree = "<group>"; };
		16C2459029C02FE300A937C7 /* Model.swift */ = {isa = PBXFileReference; lastKnownFileType = sourcecode.swift; path = Model.swift; sourceTree = "<group>"; };
		16C2459229C02FF200A937C7 /* AnimalTableViewCell.swift */ = {isa = PBXFileReference; lastKnownFileType = sourcecode.swift; path = AnimalTableViewCell.swift; sourceTree = "<group>"; };
		16C2459429C0387B00A937C7 /* Extension+UIViewController.swift */ = {isa = PBXFileReference; lastKnownFileType = sourcecode.swift; path = "Extension+UIViewController.swift"; sourceTree = "<group>"; };
		B169AF0D67EA066A5A5497FD /* Pods-AnimalCrossWiki.debug.xcconfig */ = {isa = PBXFileReference; includeInIndex = 1; lastKnownFileType = text.xcconfig; name = "Pods-AnimalCrossWiki.debug.xcconfig"; path = "Target Support Files/Pods-AnimalCrossWiki/Pods-AnimalCrossWiki.debug.xcconfig"; sourceTree = "<group>"; };
/* End PBXFileReference section */

/* Begin PBXFrameworksBuildPhase section */
		16C2456D29C02D1000A937C7 /* Frameworks */ = {
			isa = PBXFrameworksBuildPhase;
			buildActionMask = 2147483647;
			files = (
				77B60FFDFCB396667A77DB79 /* Pods_AnimalCrossWiki.framework in Frameworks */,
			);
			runOnlyForDeploymentPostprocessing = 0;
		};
/* End PBXFrameworksBuildPhase section */

/* Begin PBXGroup section */
		16AA0B7D29C1DC4B002FB416 /* ViewModel */ = {
			isa = PBXGroup;
			children = (
				16C2458E29C02FDA00A937C7 /* ViewModel.swift */,
			);
			path = ViewModel;
			sourceTree = "<group>";
		};
		16AA0B7E29C1DC4D002FB416 /* View */ = {
			isa = PBXGroup;
			children = (
				16C2459229C02FF200A937C7 /* AnimalTableViewCell.swift */,
				16C2457729C02D1000A937C7 /* ViewController.swift */,
				163C5B2629C0E09B00A38F3E /* CustomImageView.swift */,
				16AA0B7929C1D3AF002FB416 /* TabBarViewController.swift */,
				16AA0B7B29C1D593002FB416 /* HomeViewController.swift */,
			);
			path = View;
			sourceTree = "<group>";
		};
		16AA0B7F29C1DC4F002FB416 /* Model */ = {
			isa = PBXGroup;
			children = (
				16C2459029C02FE300A937C7 /* Model.swift */,
			);
			path = Model;
			sourceTree = "<group>";
		};
		16AA0B8029C1DC83002FB416 /* Resource */ = {
			isa = PBXGroup;
			children = (
				16C2457C29C02D1300A937C7 /* Assets.xcassets */,
			);
			path = Resource;
			sourceTree = "<group>";
		};
		16AA0B8129C1DC85002FB416 /* Application */ = {
			isa = PBXGroup;
			children = (
				16C2457E29C02D1300A937C7 /* LaunchScreen.storyboard */,
				16C2457329C02D1000A937C7 /* AppDelegate.swift */,
				16C2457529C02D1000A937C7 /* SceneDelegate.swift */,
			);
			path = Application;
			sourceTree = "<group>";
		};
		16AA0B8229C1DCB1002FB416 /* Extension */ = {
			isa = PBXGroup;
			children = (
				16C2459429C0387B00A937C7 /* Extension+UIViewController.swift */,
			);
			path = Extension;
			sourceTree = "<group>";
		};
		16C2456729C02D1000A937C7 = {
			isa = PBXGroup;
			children = (
				16C2457229C02D1000A937C7 /* AnimalCrossWiki */,
				16C2457129C02D1000A937C7 /* Products */,
				A31861F58882D811F3EBF057 /* Pods */,
				A68B04249C6668E264978EFD /* Frameworks */,
			);
			sourceTree = "<group>";
		};
		16C2457129C02D1000A937C7 /* Products */ = {
			isa = PBXGroup;
			children = (
				16C2457029C02D1000A937C7 /* AnimalCrossWiki.app */,
			);
			name = Products;
			sourceTree = "<group>";
		};
		16C2457229C02D1000A937C7 /* AnimalCrossWiki */ = {
			isa = PBXGroup;
			children = (
				16AA0B8129C1DC85002FB416 /* Application */,
				16AA0B8229C1DCB1002FB416 /* Extension */,
				16AA0B7F29C1DC4F002FB416 /* Model */,
				16AA0B7E29C1DC4D002FB416 /* View */,
				16AA0B7D29C1DC4B002FB416 /* ViewModel */,
				16AA0B8029C1DC83002FB416 /* Resource */,
				16C2458129C02D1300A937C7 /* Info.plist */,
			);
			path = AnimalCrossWiki;
			sourceTree = "<group>";
		};
		A31861F58882D811F3EBF057 /* Pods */ = {
			isa = PBXGroup;
			children = (
				B169AF0D67EA066A5A5497FD /* Pods-AnimalCrossWiki.debug.xcconfig */,
				11BEA51F67F1C1E246AF6C90 /* Pods-AnimalCrossWiki.release.xcconfig */,
			);
			path = Pods;
			sourceTree = "<group>";
		};
		A68B04249C6668E264978EFD /* Frameworks */ = {
			isa = PBXGroup;
			children = (
				017EAFB4E9B574160095B6CF /* Pods_AnimalCrossWiki.framework */,
			);
			name = Frameworks;
			sourceTree = "<group>";
		};
/* End PBXGroup section */

/* Begin PBXNativeTarget section */
		16C2456F29C02D1000A937C7 /* AnimalCrossWiki */ = {
			isa = PBXNativeTarget;
			buildConfigurationList = 16C2458429C02D1300A937C7 /* Build configuration list for PBXNativeTarget "AnimalCrossWiki" */;
			buildPhases = (
				F63FEA5D43A8A30FA54C6DFF /* [CP] Check Pods Manifest.lock */,
				16C2456C29C02D1000A937C7 /* Sources */,
				16C2456D29C02D1000A937C7 /* Frameworks */,
				16C2456E29C02D1000A937C7 /* Resources */,
				68E6FF0B31C01D7A15F59E36 /* [CP] Embed Pods Frameworks */,
			);
			buildRules = (
			);
			dependencies = (
			);
			name = AnimalCrossWiki;
			productName = AnimalCrossWiki;
			productReference = 16C2457029C02D1000A937C7 /* AnimalCrossWiki.app */;
			productType = "com.apple.product-type.application";
		};
/* End PBXNativeTarget section */

/* Begin PBXProject section */
		16C2456829C02D1000A937C7 /* Project object */ = {
			isa = PBXProject;
			attributes = {
				BuildIndependentTargetsInParallel = 1;
				LastSwiftUpdateCheck = 1410;
				LastUpgradeCheck = 1410;
				TargetAttributes = {
					16C2456F29C02D1000A937C7 = {
						CreatedOnToolsVersion = 14.1;
					};
				};
			};
			buildConfigurationList = 16C2456B29C02D1000A937C7 /* Build configuration list for PBXProject "AnimalCrossWiki" */;
			compatibilityVersion = "Xcode 14.0";
			developmentRegion = en;
			hasScannedForEncodings = 0;
			knownRegions = (
				en,
				Base,
			);
			mainGroup = 16C2456729C02D1000A937C7;
			productRefGroup = 16C2457129C02D1000A937C7 /* Products */;
			projectDirPath = "";
			projectRoot = "";
			targets = (
				16C2456F29C02D1000A937C7 /* AnimalCrossWiki */,
			);
		};
/* End PBXProject section */

/* Begin PBXResourcesBuildPhase section */
		16C2456E29C02D1000A937C7 /* Resources */ = {
			isa = PBXResourcesBuildPhase;
			buildActionMask = 2147483647;
			files = (
				16C2458029C02D1300A937C7 /* LaunchScreen.storyboard in Resources */,
				16C2457D29C02D1300A937C7 /* Assets.xcassets in Resources */,
			);
			runOnlyForDeploymentPostprocessing = 0;
		};
/* End PBXResourcesBuildPhase section */

/* Begin PBXShellScriptBuildPhase section */
		68E6FF0B31C01D7A15F59E36 /* [CP] Embed Pods Frameworks */ = {
			isa = PBXShellScriptBuildPhase;
			buildActionMask = 2147483647;
			files = (
			);
			inputFileListPaths = (
				"${PODS_ROOT}/Target Support Files/Pods-AnimalCrossWiki/Pods-AnimalCrossWiki-frameworks-${CONFIGURATION}-input-files.xcfilelist",
			);
			name = "[CP] Embed Pods Frameworks";
			outputFileListPaths = (
				"${PODS_ROOT}/Target Support Files/Pods-AnimalCrossWiki/Pods-AnimalCrossWiki-frameworks-${CONFIGURATION}-output-files.xcfilelist",
			);
			runOnlyForDeploymentPostprocessing = 0;
			shellPath = /bin/sh;
			shellScript = "\"${PODS_ROOT}/Target Support Files/Pods-AnimalCrossWiki/Pods-AnimalCrossWiki-frameworks.sh\"\n";
			showEnvVarsInLog = 0;
		};
		F63FEA5D43A8A30FA54C6DFF /* [CP] Check Pods Manifest.lock */ = {
			isa = PBXShellScriptBuildPhase;
			buildActionMask = 2147483647;
			files = (
			);
			inputFileListPaths = (
			);
			inputPaths = (
				"${PODS_PODFILE_DIR_PATH}/Podfile.lock",
				"${PODS_ROOT}/Manifest.lock",
			);
			name = "[CP] Check Pods Manifest.lock";
			outputFileListPaths = (
			);
			outputPaths = (
				"$(DERIVED_FILE_DIR)/Pods-AnimalCrossWiki-checkManifestLockResult.txt",
			);
			runOnlyForDeploymentPostprocessing = 0;
			shellPath = /bin/sh;
			shellScript = "diff \"${PODS_PODFILE_DIR_PATH}/Podfile.lock\" \"${PODS_ROOT}/Manifest.lock\" > /dev/null\nif [ $? != 0 ] ; then\n    # print error to STDERR\n    echo \"error: The sandbox is not in sync with the Podfile.lock. Run 'pod install' or update your CocoaPods installation.\" >&2\n    exit 1\nfi\n# This output is used by Xcode 'outputs' to avoid re-running this script phase.\necho \"SUCCESS\" > \"${SCRIPT_OUTPUT_FILE_0}\"\n";
			showEnvVarsInLog = 0;
		};
/* End PBXShellScriptBuildPhase section */

/* Begin PBXSourcesBuildPhase section */
		16C2456C29C02D1000A937C7 /* Sources */ = {
			isa = PBXSourcesBuildPhase;
			buildActionMask = 2147483647;
			files = (
				16C2459129C02FE300A937C7 /* Model.swift in Sources */,
				163C5B2729C0E09B00A38F3E /* CustomImageView.swift in Sources */,
				16C2459529C0387B00A937C7 /* Extension+UIViewController.swift in Sources */,
				16C2457829C02D1000A937C7 /* ViewController.swift in Sources */,
				16AA0B7A29C1D3B0002FB416 /* TabBarViewController.swift in Sources */,
				16AA0B7C29C1D593002FB416 /* HomeViewController.swift in Sources */,
				16C2457429C02D1000A937C7 /* AppDelegate.swift in Sources */,
				16C2459329C02FF200A937C7 /* AnimalTableViewCell.swift in Sources */,
				16C2458F29C02FDA00A937C7 /* ViewModel.swift in Sources */,
				16C2457629C02D1000A937C7 /* SceneDelegate.swift in Sources */,
			);
			runOnlyForDeploymentPostprocessing = 0;
		};
/* End PBXSourcesBuildPhase section */

/* Begin PBXVariantGroup section */
		16C2457E29C02D1300A937C7 /* LaunchScreen.storyboard */ = {
			isa = PBXVariantGroup;
			children = (
				16C2457F29C02D1300A937C7 /* Base */,
			);
			name = LaunchScreen.storyboard;
			sourceTree = "<group>";
		};
/* End PBXVariantGroup section */

/* Begin XCBuildConfiguration section */
		16C2458229C02D1300A937C7 /* Debug */ = {
			isa = XCBuildConfiguration;
			buildSettings = {
				ALWAYS_SEARCH_USER_PATHS = NO;
				CLANG_ANALYZER_NONNULL = YES;
				CLANG_ANALYZER_NUMBER_OBJECT_CONVERSION = YES_AGGRESSIVE;
				CLANG_CXX_LANGUAGE_STANDARD = "gnu++20";
				CLANG_ENABLE_MODULES = YES;
				CLANG_ENABLE_OBJC_ARC = YES;
				CLANG_ENABLE_OBJC_WEAK = YES;
				CLANG_WARN_BLOCK_CAPTURE_AUTORELEASING = YES;
				CLANG_WARN_BOOL_CONVERSION = YES;
				CLANG_WARN_COMMA = YES;
				CLANG_WARN_CONSTANT_CONVERSION = YES;
				CLANG_WARN_DEPRECATED_OBJC_IMPLEMENTATIONS = YES;
				CLANG_WARN_DIRECT_OBJC_ISA_USAGE = YES_ERROR;
				CLANG_WARN_DOCUMENTATION_COMMENTS = YES;
				CLANG_WARN_EMPTY_BODY = YES;
				CLANG_WARN_ENUM_CONVERSION = YES;
				CLANG_WARN_INFINITE_RECURSION = YES;
				CLANG_WARN_INT_CONVERSION = YES;
				CLANG_WARN_NON_LITERAL_NULL_CONVERSION = YES;
				CLANG_WARN_OBJC_IMPLICIT_RETAIN_SELF = YES;
				CLANG_WARN_OBJC_LITERAL_CONVERSION = YES;
				CLANG_WARN_OBJC_ROOT_CLASS = YES_ERROR;
				CLANG_WARN_QUOTED_INCLUDE_IN_FRAMEWORK_HEADER = YES;
				CLANG_WARN_RANGE_LOOP_ANALYSIS = YES;
				CLANG_WARN_STRICT_PROTOTYPES = YES;
				CLANG_WARN_SUSPICIOUS_MOVE = YES;
				CLANG_WARN_UNGUARDED_AVAILABILITY = YES_AGGRESSIVE;
				CLANG_WARN_UNREACHABLE_CODE = YES;
				CLANG_WARN__DUPLICATE_METHOD_MATCH = YES;
				COPY_PHASE_STRIP = NO;
				DEBUG_INFORMATION_FORMAT = dwarf;
				ENABLE_STRICT_OBJC_MSGSEND = YES;
				ENABLE_TESTABILITY = YES;
				GCC_C_LANGUAGE_STANDARD = gnu11;
				GCC_DYNAMIC_NO_PIC = NO;
				GCC_NO_COMMON_BLOCKS = YES;
				GCC_OPTIMIZATION_LEVEL = 0;
				GCC_PREPROCESSOR_DEFINITIONS = (
					"DEBUG=1",
					"$(inherited)",
				);
				GCC_WARN_64_TO_32_BIT_CONVERSION = YES;
				GCC_WARN_ABOUT_RETURN_TYPE = YES_ERROR;
				GCC_WARN_UNDECLARED_SELECTOR = YES;
				GCC_WARN_UNINITIALIZED_AUTOS = YES_AGGRESSIVE;
				GCC_WARN_UNUSED_FUNCTION = YES;
				GCC_WARN_UNUSED_VARIABLE = YES;
				IPHONEOS_DEPLOYMENT_TARGET = 16.1;
				MTL_ENABLE_DEBUG_INFO = INCLUDE_SOURCE;
				MTL_FAST_MATH = YES;
				ONLY_ACTIVE_ARCH = YES;
				SDKROOT = iphoneos;
				SWIFT_ACTIVE_COMPILATION_CONDITIONS = DEBUG;
				SWIFT_OPTIMIZATION_LEVEL = "-Onone";
			};
			name = Debug;
		};
		16C2458329C02D1300A937C7 /* Release */ = {
			isa = XCBuildConfiguration;
			buildSettings = {
				ALWAYS_SEARCH_USER_PATHS = NO;
				CLANG_ANALYZER_NONNULL = YES;
				CLANG_ANALYZER_NUMBER_OBJECT_CONVERSION = YES_AGGRESSIVE;
				CLANG_CXX_LANGUAGE_STANDARD = "gnu++20";
				CLANG_ENABLE_MODULES = YES;
				CLANG_ENABLE_OBJC_ARC = YES;
				CLANG_ENABLE_OBJC_WEAK = YES;
				CLANG_WARN_BLOCK_CAPTURE_AUTORELEASING = YES;
				CLANG_WARN_BOOL_CONVERSION = YES;
				CLANG_WARN_COMMA = YES;
				CLANG_WARN_CONSTANT_CONVERSION = YES;
				CLANG_WARN_DEPRECATED_OBJC_IMPLEMENTATIONS = YES;
				CLANG_WARN_DIRECT_OBJC_ISA_USAGE = YES_ERROR;
				CLANG_WARN_DOCUMENTATION_COMMENTS = YES;
				CLANG_WARN_EMPTY_BODY = YES;
				CLANG_WARN_ENUM_CONVERSION = YES;
				CLANG_WARN_INFINITE_RECURSION = YES;
				CLANG_WARN_INT_CONVERSION = YES;
				CLANG_WARN_NON_LITERAL_NULL_CONVERSION = YES;
				CLANG_WARN_OBJC_IMPLICIT_RETAIN_SELF = YES;
				CLANG_WARN_OBJC_LITERAL_CONVERSION = YES;
				CLANG_WARN_OBJC_ROOT_CLASS = YES_ERROR;
				CLANG_WARN_QUOTED_INCLUDE_IN_FRAMEWORK_HEADER = YES;
				CLANG_WARN_RANGE_LOOP_ANALYSIS = YES;
				CLANG_WARN_STRICT_PROTOTYPES = YES;
				CLANG_WARN_SUSPICIOUS_MOVE = YES;
				CLANG_WARN_UNGUARDED_AVAILABILITY = YES_AGGRESSIVE;
				CLANG_WARN_UNREACHABLE_CODE = YES;
				CLANG_WARN__DUPLICATE_METHOD_MATCH = YES;
				COPY_PHASE_STRIP = NO;
				DEBUG_INFORMATION_FORMAT = "dwarf-with-dsym";
				ENABLE_NS_ASSERTIONS = NO;
				ENABLE_STRICT_OBJC_MSGSEND = YES;
				GCC_C_LANGUAGE_STANDARD = gnu11;
				GCC_NO_COMMON_BLOCKS = YES;
				GCC_WARN_64_TO_32_BIT_CONVERSION = YES;
				GCC_WARN_ABOUT_RETURN_TYPE = YES_ERROR;
				GCC_WARN_UNDECLARED_SELECTOR = YES;
				GCC_WARN_UNINITIALIZED_AUTOS = YES_AGGRESSIVE;
				GCC_WARN_UNUSED_FUNCTION = YES;
				GCC_WARN_UNUSED_VARIABLE = YES;
				IPHONEOS_DEPLOYMENT_TARGET = 16.1;
				MTL_ENABLE_DEBUG_INFO = NO;
				MTL_FAST_MATH = YES;
				SDKROOT = iphoneos;
				SWIFT_COMPILATION_MODE = wholemodule;
				SWIFT_OPTIMIZATION_LEVEL = "-O";
				VALIDATE_PRODUCT = YES;
			};
			name = Release;
		};
		16C2458529C02D1300A937C7 /* Debug */ = {
			isa = XCBuildConfiguration;
			baseConfigurationReference = B169AF0D67EA066A5A5497FD /* Pods-AnimalCrossWiki.debug.xcconfig */;
			buildSettings = {
				ASSETCATALOG_COMPILER_APPICON_NAME = AppIcon;
				ASSETCATALOG_COMPILER_GLOBAL_ACCENT_COLOR_NAME = AccentColor;
				CODE_SIGN_STYLE = Automatic;
				CURRENT_PROJECT_VERSION = 1;
				DEVELOPMENT_TEAM = 69AX92X75M;
				GENERATE_INFOPLIST_FILE = YES;
				INFOPLIST_FILE = AnimalCrossWiki/Info.plist;
				INFOPLIST_KEY_UIApplicationSupportsIndirectInputEvents = YES;
				INFOPLIST_KEY_UILaunchStoryboardName = LaunchScreen;
				INFOPLIST_KEY_UIMainStoryboardFile = "";
				INFOPLIST_KEY_UISupportedInterfaceOrientations_iPad = "UIInterfaceOrientationPortrait UIInterfaceOrientationPortraitUpsideDown UIInterfaceOrientationLandscapeLeft UIInterfaceOrientationLandscapeRight";
				INFOPLIST_KEY_UISupportedInterfaceOrientations_iPhone = "UIInterfaceOrientationPortrait UIInterfaceOrientationLandscapeLeft UIInterfaceOrientationLandscapeRight";
				LD_RUNPATH_SEARCH_PATHS = (
					"$(inherited)",
					"@executable_path/Frameworks",
				);
				MARKETING_VERSION = 1.0;
				PRODUCT_BUNDLE_IDENTIFIER = minho.AnimalCrossWiki.AnimalCrossWiki;
				PRODUCT_NAME = "$(TARGET_NAME)";
				SWIFT_EMIT_LOC_STRINGS = YES;
				SWIFT_VERSION = 5.0;
				TARGETED_DEVICE_FAMILY = "1,2";
			};
			name = Debug;
		};
		16C2458629C02D1300A937C7 /* Release */ = {
			isa = XCBuildConfiguration;
			baseConfigurationReference = 11BEA51F67F1C1E246AF6C90 /* Pods-AnimalCrossWiki.release.xcconfig */;
			buildSettings = {
				ASSETCATALOG_COMPILER_APPICON_NAME = AppIcon;
				ASSETCATALOG_COMPILER_GLOBAL_ACCENT_COLOR_NAME = AccentColor;
				CODE_SIGN_STYLE = Automatic;
				CURRENT_PROJECT_VERSION = 1;
				DEVELOPMENT_TEAM = 69AX92X75M;
				GENERATE_INFOPLIST_FILE = YES;
				INFOPLIST_FILE = AnimalCrossWiki/Info.plist;
				INFOPLIST_KEY_UIApplicationSupportsIndirectInputEvents = YES;
				INFOPLIST_KEY_UILaunchStoryboardName = LaunchScreen;
				INFOPLIST_KEY_UIMainStoryboardFile = "";
				INFOPLIST_KEY_UISupportedInterfaceOrientations_iPad = "UIInterfaceOrientationPortrait UIInterfaceOrientationPortraitUpsideDown UIInterfaceOrientationLandscapeLeft UIInterfaceOrientationLandscapeRight";
				INFOPLIST_KEY_UISupportedInterfaceOrientations_iPhone = "UIInterfaceOrientationPortrait UIInterfaceOrientationLandscapeLeft UIInterfaceOrientationLandscapeRight";
				LD_RUNPATH_SEARCH_PATHS = (
					"$(inherited)",
					"@executable_path/Frameworks",
				);
				MARKETING_VERSION = 1.0;
				PRODUCT_BUNDLE_IDENTIFIER = minho.AnimalCrossWiki.AnimalCrossWiki;
				PRODUCT_NAME = "$(TARGET_NAME)";
				SWIFT_EMIT_LOC_STRINGS = YES;
				SWIFT_VERSION = 5.0;
				TARGETED_DEVICE_FAMILY = "1,2";
			};
			name = Release;
		};
/* End XCBuildConfiguration section */

/* Begin XCConfigurationList section */
		16C2456B29C02D1000A937C7 /* Build configuration list for PBXProject "AnimalCrossWiki" */ = {
			isa = XCConfigurationList;
			buildConfigurations = (
				16C2458229C02D1300A937C7 /* Debug */,
				16C2458329C02D1300A937C7 /* Release */,
			);
			defaultConfigurationIsVisible = 0;
			defaultConfigurationName = Release;
		};
		16C2458429C02D1300A937C7 /* Build configuration list for PBXNativeTarget "AnimalCrossWiki" */ = {
			isa = XCConfigurationList;
			buildConfigurations = (
				16C2458529C02D1300A937C7 /* Debug */,
				16C2458629C02D1300A937C7 /* Release */,
			);
			defaultConfigurationIsVisible = 0;
			defaultConfigurationName = Release;
		};
/* End XCConfigurationList section */
	};
	rootObject = 16C2456829C02D1000A937C7 /* Project object */;
}
